<?xml version="1.0" encoding="utf-8"?>
<Project ToolsVersion="4.0" xmlns="http://schemas.microsoft.com/developer/msbuild/2003">
  <ItemGroup>
    <Filter Include="src">
      <UniqueIdentifier>{dc34d5f7-5ce4-46c8-972a-17a38623cf1a}</UniqueIdentifier>
    </Filter>
    <Filter Include="include">
      <UniqueIdentifier>{9aa39da6-805f-412d-96a2-f9bf20acba11}</UniqueIdentifier>
    </Filter>
    <Filter Include="include\2D Maps">
      <UniqueIdentifier>{b61b7668-62fe-4f54-b171-c8955a78678e}</UniqueIdentifier>
    </Filter>
    <Filter Include="include\Behaviours">
      <UniqueIdentifier>{ac4a45cd-4e12-4bed-b40e-b1e651c5aac3}</UniqueIdentifier>
    </Filter>
    <Filter Include="include\Blockset">
      <UniqueIdentifier>{cb10c7dd-013d-4578-bcaa-d82eb674797b}</UniqueIdentifier>
    </Filter>
    <Filter Include="include\Main">
      <UniqueIdentifier>{8459cf41-cd9c-4142-86c8-1fa205354e3e}</UniqueIdentifier>
    </Filter>
    <Filter Include="include\Miscellaneous">
      <UniqueIdentifier>{9594b60d-fca3-4cb0-9cdd-aa638f2a4243}</UniqueIdentifier>
    </Filter>
    <Filter Include="include\Palette">
      <UniqueIdentifier>{41d52e0a-4c0e-497a-b946-32dae02bc7a0}</UniqueIdentifier>
    </Filter>
    <Filter Include="include\Rooms">
      <UniqueIdentifier>{09d4eb59-0a16-4291-9888-7bc1bca18366}</UniqueIdentifier>
    </Filter>
    <Filter Include="include\Rooms\CharacterEditor">
      <UniqueIdentifier>{688e4244-fdf8-4a86-881b-ad271ec66943}</UniqueIdentifier>
    </Filter>
    <Filter Include="include\Rooms\ChestEditor">
      <UniqueIdentifier>{839f4aae-1388-4b38-b5c0-c22fc22c8615}</UniqueIdentifier>
    </Filter>
    <Filter Include="include\Rooms\EntityEditor">
      <UniqueIdentifier>{4b4334d6-8031-4104-bd19-3d0efb7c2561}</UniqueIdentifier>
    </Filter>
    <Filter Include="include\Rooms\FlagEditor">
      <UniqueIdentifier>{fa9b1f5e-30fe-4b0f-8771-97e1a3b06f0c}</UniqueIdentifier>
    </Filter>
    <Filter Include="include\Rooms\DoorSwapEditor">
      <UniqueIdentifier>{fb82b22a-c3f4-4aaf-9d23-9738100d1646}</UniqueIdentifier>
    </Filter>
    <Filter Include="include\Rooms\WarpEditor">
      <UniqueIdentifier>{f40d5e36-7f6e-4a45-9225-e06b95b8812c}</UniqueIdentifier>
    </Filter>
    <Filter Include="include\Script">
      <UniqueIdentifier>{d88d5c71-abb3-4869-a200-c5daf2d1d487}</UniqueIdentifier>
    </Filter>
    <Filter Include="include\Sprites">
      <UniqueIdentifier>{98794792-b6b7-420f-883b-a251a4cee7cd}</UniqueIdentifier>
    </Filter>
    <Filter Include="include\Text">
      <UniqueIdentifier>{57fac5c6-9fdc-4f74-a2bd-e326e4d07f7c}</UniqueIdentifier>
    </Filter>
    <Filter Include="include\Tileset">
      <UniqueIdentifier>{5e107c31-7916-4c17-b79e-2b4ae4927401}</UniqueIdentifier>
    </Filter>
    <Filter Include="src\2D Maps">
      <UniqueIdentifier>{b61b7668-62fe-4f54-b171-c8955a78678e}</UniqueIdentifier>
    </Filter>
    <Filter Include="src\Behaviours">
      <UniqueIdentifier>{ac4a45cd-4e12-4bed-b40e-b1e651c5aac3}</UniqueIdentifier>
    </Filter>
    <Filter Include="src\Blockset">
      <UniqueIdentifier>{cb10c7dd-013d-4578-bcaa-d82eb674797b}</UniqueIdentifier>
    </Filter>
    <Filter Include="src\Main">
      <UniqueIdentifier>{8459cf41-cd9c-4142-86c8-1fa205354e3e}</UniqueIdentifier>
    </Filter>
    <Filter Include="src\Miscellaneous">
      <UniqueIdentifier>{9594b60d-fca3-4cb0-9cdd-aa638f2a4243}</UniqueIdentifier>
    </Filter>
    <Filter Include="src\Palette">
      <UniqueIdentifier>{41d52e0a-4c0e-497a-b946-32dae02bc7a0}</UniqueIdentifier>
    </Filter>
    <Filter Include="src\Rooms">
      <UniqueIdentifier>{09d4eb59-0a16-4291-9888-7bc1bca18366}</UniqueIdentifier>
    </Filter>
    <Filter Include="src\Rooms\CharacterEditor">
      <UniqueIdentifier>{688e4244-fdf8-4a86-881b-ad271ec66943}</UniqueIdentifier>
    </Filter>
    <Filter Include="src\Rooms\ChestEditor">
      <UniqueIdentifier>{839f4aae-1388-4b38-b5c0-c22fc22c8615}</UniqueIdentifier>
    </Filter>
    <Filter Include="src\Rooms\EntityEditor">
      <UniqueIdentifier>{4b4334d6-8031-4104-bd19-3d0efb7c2561}</UniqueIdentifier>
    </Filter>
    <Filter Include="src\Rooms\FlagEditor">
      <UniqueIdentifier>{fa9b1f5e-30fe-4b0f-8771-97e1a3b06f0c}</UniqueIdentifier>
    </Filter>
    <Filter Include="src\Rooms\DoorSwapEditor">
      <UniqueIdentifier>{fb82b22a-c3f4-4aaf-9d23-9738100d1646}</UniqueIdentifier>
    </Filter>
    <Filter Include="src\Rooms\WarpEditor">
      <UniqueIdentifier>{f40d5e36-7f6e-4a45-9225-e06b95b8812c}</UniqueIdentifier>
    </Filter>
    <Filter Include="src\Script">
      <UniqueIdentifier>{d88d5c71-abb3-4869-a200-c5daf2d1d487}</UniqueIdentifier>
    </Filter>
    <Filter Include="src\Sprites">
      <UniqueIdentifier>{98794792-b6b7-420f-883b-a251a4cee7cd}</UniqueIdentifier>
    </Filter>
    <Filter Include="src\Text">
      <UniqueIdentifier>{57fac5c6-9fdc-4f74-a2bd-e326e4d07f7c}</UniqueIdentifier>
    </Filter>
    <Filter Include="src\Tileset">
      <UniqueIdentifier>{5e107c31-7916-4c17-b79e-2b4ae4927401}</UniqueIdentifier>
    </Filter>
    <Filter Include="src\WX Resources">
      <UniqueIdentifier>{d82c677d-286f-4857-83ff-027959b5e882}</UniqueIdentifier>
    </Filter>
  </ItemGroup>
  <ItemGroup>
    <ClCompile Include="..\src\sprites\AnimationControlFrame.cpp">
      <Filter>src\Tileset</Filter>
    </ClCompile>
    <ClCompile Include="..\src\sprites\AnimationFrameControlFrame.cpp">
      <Filter>src\Tileset</Filter>
    </ClCompile>
    <ClCompile Include="..\src\misc\AssemblyBuilderDialog.cpp">
      <Filter>src\Miscellaneous</Filter>
    </ClCompile>
    <ClCompile Include="..\src\behaviours\BehaviourScriptEditorCtrl.cpp">
      <Filter>src\Behaviours</Filter>
    </ClCompile>
    <ClCompile Include="..\src\behaviours\BehaviourScriptEditorFrame.cpp">
      <Filter>src\Behaviours</Filter>
    </ClCompile>
    <ClCompile Include="..\src\blockset\BlocksetEditorCtrl.cpp">
      <Filter>src\Blockset</Filter>
    </ClCompile>
    <ClCompile Include="..\src\blockset\BlocksetEditorFrame.cpp">
      <Filter>src\Blockset</Filter>
    </ClCompile>
    <ClCompile Include="..\src\main\BrowserTreeCtrl.cpp">
      <Filter>src\Main</Filter>
    </ClCompile>
    <ClCompile Include="..\src\rooms\CharacterDialog.cpp">
      <Filter>src\Rooms\CharacterEditor</Filter>
    </ClCompile>
    <ClCompile Include="..\src\script\CharacterSfxCtrl.cpp">
      <Filter>src\Script</Filter>
    </ClCompile>
    <ClCompile Include="..\src\script\CharacterSfxDataViewModel.cpp">
      <Filter>src\Script</Filter>
    </ClCompile>
    <ClCompile Include="..\src\script\CharacterSfxFrame.cpp">
      <Filter>src\Script</Filter>
    </ClCompile>
    <ClCompile Include="..\src\rooms\ChestDialog.cpp">
      <Filter>src\Rooms\ChestEditor</Filter>
    </ClCompile>
    <ClCompile Include="..\src\palettes\DataViewCtrlPaletteModel.cpp">
      <Filter>src\Palette</Filter>
    </ClCompile>
    <ClCompile Include="..\src\palettes\DataViewCtrlPaletteRenderer.cpp">
      <Filter>src\Palette</Filter>
    </ClCompile>
    <ClCompile Include="..\src\script\DataViewScriptActionEditorControl.cpp">
      <Filter>src\Script</Filter>
    </ClCompile>
    <ClCompile Include="..\src\script\DataViewScriptActionRenderer.cpp">
      <Filter>src\Script</Filter>
    </ClCompile>
    <ClCompile Include="..\src\rooms\DoorDataViewModel.cpp">
      <Filter>src\Rooms\DoorSwapEditor</Filter>
    </ClCompile>
    <ClCompile Include="..\src\main\EditorFrame.cpp">
      <Filter>src\Main</Filter>
    </ClCompile>
    <ClCompile Include="..\src\sprites\EntityViewerCtrl.cpp">
      <Filter>src\Sprites</Filter>
    </ClCompile>
    <ClCompile Include="..\src\sprites\EntityViewerFrame.cpp">
      <Filter>src\Sprites</Filter>
    </ClCompile>
    <ClCompile Include="..\src\rooms\EntityPropertiesWindow.cpp">
      <Filter>src\Rooms\EntityEditor</Filter>
    </ClCompile>
    <ClCompile Include="..\src\rooms\EntityControlFrame.cpp">
      <Filter>src\Rooms\EntityEditor</Filter>
    </ClCompile>
    <ClCompile Include="..\src\misc\ExecutorThread.cpp">
      <Filter>src\Miscellaneous</Filter>
    </ClCompile>
    <ClCompile Include="..\src\rooms\FlagDataViewModel.cpp">
      <Filter>src\Rooms\FlagEditor</Filter>
    </ClCompile>
    <ClCompile Include="..\src\rooms\FlagDialog.cpp">
      <Filter>src\Rooms\FlagEditor</Filter>
    </ClCompile>
    <ClCompile Include="..\src\sprites\FrameControlFrame.cpp">
      <Filter>src\Sprites</Filter>
    </ClCompile>
    <ClCompile Include="..\src\rooms\HeightmapEditorCtrl.cpp">
      <Filter>src\Rooms</Filter>
    </ClCompile>
    <ClCompile Include="..\src\main\ImageBufferWx.cpp">
      <Filter>src\Main</Filter>
    </ClCompile>
    <ClCompile Include="..\src\main\ImageList.cpp">
      <Filter>src\Main</Filter>
    </ClCompile>
    <ClCompile Include="..\src\rooms\LayerControlFrame.cpp">
      <Filter>src\Rooms</Filter>
    </ClCompile>
    <ClCompile Include="..\src\main\main.cpp">
      <Filter>src\Main</Filter>
    </ClCompile>
    <ClCompile Include="..\src\main\MainFrame.cpp">
      <Filter>src\Main</Filter>
    </ClCompile>
    <ClCompile Include="..\src\2d_maps\Map2DEditorFrame.cpp">
      <Filter>src\2D Maps</Filter>
    </ClCompile>
    <ClCompile Include="..\src\2d_maps\Map2DEditor.cpp">
      <Filter>src\2D Maps</Filter>
    </ClCompile>
    <ClCompile Include="..\src\rooms\RoomViewerCtrl.cpp">
      <Filter>src\Rooms</Filter>
    </ClCompile>
    <ClCompile Include="..\src\rooms\RoomErrorDialog.cpp">
      <Filter>src\Rooms</Filter>
    </ClCompile>
    <ClCompile Include="..\src\rooms\Map3DEditor.cpp">
      <Filter>src\Rooms</Filter>
    </ClCompile>
    <ClCompile Include="..\src\rooms\WarpControlFrame.cpp">
      <Filter>src\Rooms\WarpEditor</Filter>
    </ClCompile>
    <ClCompile Include="..\src\rooms\WarpPropertyWindow.cpp">
      <Filter>src\Rooms\WarpEditor</Filter>
    </ClCompile>
    <ClCompile Include="..\src\palettes\PaletteEditor.cpp">
      <Filter>src\Palette</Filter>
    </ClCompile>
    <ClCompile Include="..\src\palettes\PaletteListFrame.cpp">
      <Filter>src\Palette</Filter>
    </ClCompile>
    <ClCompile Include="..\src\misc\PreferencesDialog.cpp">
      <Filter>src\Miscellaneous</Filter>
    </ClCompile>
    <ClCompile Include="..\src\script\ProgressFlagsCtrl.cpp">
      <Filter>src\Script</Filter>
    </ClCompile>
    <ClCompile Include="..\src\script\ProgressFlagsDataViewModel.cpp">
      <Filter>src\Script</Filter>
    </ClCompile>
    <ClCompile Include="..\src\script\ProgressFlagsFrame.cpp">
      <Filter>src\Script</Filter>
    </ClCompile>
    <ClCompile Include="..\src\misc\ResizeableGrid.cpp">
      <Filter>src\Miscellaneous</Filter>
    </ClCompile>
    <ClCompile Include="..\src\rooms\RoomViewerFrame.cpp">
      <Filter>src\Rooms</Filter>
    </ClCompile>
    <ClCompile Include="..\src\script\ScriptDataViewEditorControl.cpp">
      <Filter>src\Script</Filter>
    </ClCompile>
    <ClCompile Include="..\src\script\ScriptDataViewModel.cpp">
      <Filter>src\Script</Filter>
    </ClCompile>
    <ClCompile Include="..\src\script\ScriptDataViewRenderer.cpp">
      <Filter>src\Script</Filter>
    </ClCompile>
    <ClCompile Include="..\src\script\ScriptEditorCtrl.cpp">
      <Filter>src\Script</Filter>
    </ClCompile>
    <ClCompile Include="..\src\script\ScriptEditorFrame.cpp">
      <Filter>src\Script</Filter>
    </ClCompile>
    <ClCompile Include="..\src\script\ScriptTableDataViewModel.cpp">
      <Filter>src\Script</Filter>
    </ClCompile>
    <ClCompile Include="..\src\script\ScriptTableEditorCtrl.cpp">
      <Filter>src\Script</Filter>
    </ClCompile>
    <ClCompile Include="..\src\script\ScriptTableEditorFrame.cpp">
      <Filter>src\Script</Filter>
    </ClCompile>
    <ClCompile Include="..\src\misc\SelectionControlFrame.cpp">
      <Filter>src\Miscellaneous</Filter>
    </ClCompile>
    <ClCompile Include="..\src\sprites\SpriteEditorFrame.cpp">
      <Filter>src\Sprites</Filter>
    </ClCompile>
    <ClCompile Include="..\src\sprites\SpriteFrameEditorCtrl.cpp">
      <Filter>src\Sprites</Filter>
    </ClCompile>
    <ClCompile Include="..\src\sprites\SubspriteControlFrame.cpp">
      <Filter>src\Sprites</Filter>
    </ClCompile>
    <ClCompile Include="..\src\text\StringDataViewModel.cpp">
      <Filter>src\Text</Filter>
    </ClCompile>
    <ClCompile Include="..\src\text\StringEditorFrame.cpp">
      <Filter>src\Text</Filter>
    </ClCompile>
    <ClCompile Include="..\src\tileset\TileEditor.cpp">
      <Filter>src\Tileset</Filter>
    </ClCompile>
    <ClCompile Include="..\src\tileset\TilesetEditor.cpp">
      <Filter>src\Tileset</Filter>
    </ClCompile>
    <ClCompile Include="..\src\tileset\TilesetEditorFrame.cpp">
      <Filter>src\Tileset</Filter>
    </ClCompile>
    <ClCompile Include="..\src\rooms\TileSwapDialog.cpp">
      <Filter>src\Rooms\DoorSwapEditor</Filter>
    </ClCompile>
    <ClCompile Include="..\src\rooms\TileSwapControlFrame.cpp">
      <Filter>src\Rooms\DoorSwapEditor</Filter>
    </ClCompile>
    <ClCompile Include="..\src\rooms\TileSwapDataViewModel.cpp">
      <Filter>src\Rooms\DoorSwapEditor</Filter>
    </ClCompile>
    <ClCompile Include="..\src\wxresource\wxcrafter.cpp">
      <Filter>src\WX Resources</Filter>
    </ClCompile>
    <ClCompile Include="..\src\wxresource\wxcrafter_bitmaps.cpp">
      <Filter>src\WX Resources</Filter>
    </ClCompile>
  </ItemGroup>
  <ItemGroup>
    <ClInclude Include="..\src\landstalker\tileset\include\AnimatedTileset.h">
      <Filter>include\Tileset</Filter>
    </ClInclude>
    <ClInclude Include="..\src\sprites\AnimationControlFrame.h">
      <Filter>include\Tileset</Filter>
    </ClInclude>
    <ClInclude Include="..\src\sprites\AnimationFrameControlFrame.h">
      <Filter>include\Tileset</Filter>
    </ClInclude>
    <ClInclude Include="..\src\misc\AssemblyBuilderDialog.h">
      <Filter>include\Miscellaneous</Filter>
    </ClInclude>
    <ClInclude Include="..\src\behaviours\BehaviourScriptEditorCtrl.h">
      <Filter>include\Behaviours</Filter>
    </ClInclude>
    <ClInclude Include="..\src\behaviours\BehaviourScriptEditorFrame.h">
      <Filter>include\Behaviours</Filter>
    </ClInclude>
    <ClInclude Include="..\src\blockset\BlocksetEditorCtrl.h">
      <Filter>include\Blockset</Filter>
    </ClInclude>
    <ClInclude Include="..\src\blockset\BlocksetEditorFrame.h">
      <Filter>include\Blockset</Filter>
    </ClInclude>
    <ClInclude Include="..\src\main\BrowserTreeCtrl.h">
      <Filter>include\Main</Filter>
    </ClInclude>
    <ClInclude Include="..\src\rooms\CharacterDialog.h">
      <Filter>include\Rooms\CharacterEditor</Filter>
    </ClInclude>
    <ClInclude Include="..\src\script\CharacterSfxCtrl.h">
      <Filter>include\Script</Filter>
    </ClInclude>
    <ClInclude Include="..\src\script\CharacterSfxDataViewModel.h">
      <Filter>include\Script</Filter>
    </ClInclude>
    <ClInclude Include="..\src\script\CharacterSfxFrame.h">
      <Filter>include\Script</Filter>
    </ClInclude>
    <ClInclude Include="..\src\rooms\ChestDialog.h">
      <Filter>include\Rooms\ChestEditor</Filter>
    </ClInclude>
    <ClInclude Include="..\src\palettes\DataViewCtrlPaletteModel.h">
      <Filter>include\Palette</Filter>
    </ClInclude>
    <ClInclude Include="..\src\palettes\DataViewCtrlPaletteRenderer.h">
      <Filter>include\Palette</Filter>
    </ClInclude>
    <ClInclude Include="..\src\script\DataViewScriptActionEditorControl.h">
      <Filter>include\Script</Filter>
    </ClInclude>
    <ClInclude Include="..\src\script\DataViewScriptActionRenderer.h">
      <Filter>include\Script</Filter>
    </ClInclude>
    <ClInclude Include="..\src\rooms\DoorDataViewModel.h">
      <Filter>include\Rooms\DoorSwapEditor</Filter>
    </ClInclude>
    <ClInclude Include="..\src\main\EditorFrame.h">
      <Filter>include\Main</Filter>
    </ClInclude>
    <ClInclude Include="..\src\rooms\EntityControlFrame.h">
      <Filter>include\Rooms\EntityEditor</Filter>
    </ClInclude>
    <ClInclude Include="..\src\rooms\EntityPropertiesWindow.h">
      <Filter>include\Rooms\EntityEditor</Filter>
    </ClInclude>
    <ClInclude Include="..\src\sprites\EntityViewerCtrl.h">
      <Filter>include\Sprites</Filter>
    </ClInclude>
    <ClInclude Include="..\src\sprites\EntityViewerFrame.h">
      <Filter>include\Sprites</Filter>
    </ClInclude>
    <ClInclude Include="..\src\misc\BaseDataViewModel.h">
      <Filter>include\Miscellaneous</Filter>
    </ClInclude>
    <ClInclude Include="..\src\misc\ExecutorThread.h">
      <Filter>include\Miscellaneous</Filter>
    </ClInclude>
    <ClInclude Include="..\src\rooms\FlagDataViewModel.h">
      <Filter>include\Rooms\FlagEditor</Filter>
    </ClInclude>
    <ClInclude Include="..\src\rooms\FlagDialog.h">
      <Filter>include\Rooms\FlagEditor</Filter>
    </ClInclude>
    <ClInclude Include="..\src\sprites\FrameControlFrame.h">
      <Filter>include\Sprites</Filter>
    </ClInclude>
    <ClInclude Include="..\src\rooms\HeightmapEditorCtrl.h">
      <Filter>include\Rooms</Filter>
    </ClInclude>
    <ClInclude Include="..\src\main\Icons.h">
      <Filter>include\Main</Filter>
    </ClInclude>
    <ClInclude Include="..\src\main\ImageBufferWx.h">
      <Filter>include\Main</Filter>
    </ClInclude>
    <ClInclude Include="..\src\main\ImageList.h">
      <Filter>include\Main</Filter>
    </ClInclude>
    <ClInclude Include="..\src\rooms\LayerControlFrame.h">
      <Filter>include\Rooms</Filter>
    </ClInclude>
    <ClInclude Include="..\src\main\MainFrame.h">
      <Filter>include\Main</Filter>
    </ClInclude>
    <ClInclude Include="..\src\2d_maps\Map2DEditor.h">
      <Filter>include\2D Maps</Filter>
    </ClInclude>
    <ClInclude Include="..\src\2d_maps\Map2DEditorFrame.h">
      <Filter>include\2D Maps</Filter>
    </ClInclude>
    <ClInclude Include="..\src\rooms\Map3DEditor.h">
      <Filter>include\Rooms</Filter>
    </ClInclude>
    <ClInclude Include="..\src\landstalker\rooms\include\RoomDialogueTable.h">
      <Filter>include\Rooms</Filter>
    </ClInclude>
    <ClInclude Include="..\src\rooms\RoomErrorDialog.h">
      <Filter>include\Rooms</Filter>
    </ClInclude>
    <ClInclude Include="..\src\rooms\RoomViewerCtrl.h">
      <Filter>include\Rooms</Filter>
    </ClInclude>
    <ClInclude Include="..\src\rooms\RoomViewerFrame.h">
      <Filter>include\Rooms</Filter>
    </ClInclude>
    <ClInclude Include="..\src\palettes\PaletteEditor.h">
      <Filter>include\Palette</Filter>
    </ClInclude>
    <ClInclude Include="..\src\palettes\PaletteListFrame.h">
      <Filter>include\Palette</Filter>
    </ClInclude>
    <ClInclude Include="..\src\misc\PreferencesDialog.h">
      <Filter>include\Miscellaneous</Filter>
    </ClInclude>
    <ClInclude Include="..\src\script\ProgressFlagsCtrl.h">
      <Filter>include\Script</Filter>
    </ClInclude>
    <ClInclude Include="..\src\script\ProgressFlagsFrame.h">
      <Filter>include\Script</Filter>
    </ClInclude>
    <ClInclude Include="..\src\script\ProgressFlagsDataViewModel.h">
      <Filter>include\Script</Filter>
    </ClInclude>
    <ClInclude Include="..\src\misc\ResizeableGrid.h">
      <Filter>include\Miscellaneous</Filter>
    </ClInclude>
    <ClInclude Include="..\src\main\resource.h">
      <Filter>include\Main</Filter>
    </ClInclude>
    <ClInclude Include="..\src\script\ScriptDataViewEditorControl.h">
      <Filter>include\Script</Filter>
    </ClInclude>
    <ClInclude Include="..\src\script\ScriptDataViewModel.h">
      <Filter>include\Script</Filter>
    </ClInclude>
    <ClInclude Include="..\src\script\ScriptDataViewRenderer.h">
      <Filter>include\Script</Filter>
    </ClInclude>
    <ClInclude Include="..\src\script\ScriptEditorCtrl.h">
      <Filter>include\Script</Filter>
    </ClInclude>
    <ClInclude Include="..\src\script\ScriptEditorFrame.h">
      <Filter>include\Script</Filter>
    </ClInclude>
    <ClInclude Include="..\src\script\ScriptTableDataViewModel.h">
      <Filter>include\Script</Filter>
    </ClInclude>
    <ClInclude Include="..\src\script\ScriptTableEditorCtrl.h">
      <Filter>include\Script</Filter>
    </ClInclude>
    <ClInclude Include="..\src\script\ScriptTableEditorFrame.h">
      <Filter>include\Script</Filter>
    </ClInclude>
    <ClInclude Include="..\src\misc\SelectionControlFrame.h">
      <Filter>include\Miscellaneous</Filter>
    </ClInclude>
    <ClInclude Include="..\src\sprites\SpriteEditorFrame.h">
      <Filter>include\Sprites</Filter>
    </ClInclude>
    <ClInclude Include="..\src\sprites\SpriteFrameEditorCtrl.h">
      <Filter>include\Sprites</Filter>
    </ClInclude>
    <ClInclude Include="..\src\sprites\SubspriteControlFrame.h">
      <Filter>include\Sprites</Filter>
    </ClInclude>
    <ClInclude Include="..\src\text\StringDataViewModel.h">
      <Filter>include\Text</Filter>
    </ClInclude>
    <ClInclude Include="..\src\text\StringEditorFrame.h">
      <Filter>include\Text</Filter>
    </ClInclude>
    <ClInclude Include="..\src\tileset\TileEditor.h">
      <Filter>include\Tileset</Filter>
    </ClInclude>
    <ClInclude Include="..\src\tileset\TilesetEditorFrame.h">
      <Filter>include\Tileset</Filter>
    </ClInclude>
    <ClInclude Include="..\src\tileset\TilesetEditor.h">
      <Filter>include\Tileset</Filter>
    </ClInclude>
    <ClInclude Include="..\src\rooms\TileSwapControlFrame.h">
      <Filter>include\Rooms\DoorSwapEditor</Filter>
    </ClInclude>
    <ClInclude Include="..\src\rooms\TileSwapDataViewModel.h">
      <Filter>include\Rooms\DoorSwapEditor</Filter>
    </ClInclude>
    <ClInclude Include="..\src\rooms\TileSwapDialog.h">
      <Filter>include\Rooms\DoorSwapEditor</Filter>
    </ClInclude>
    <ClInclude Include="..\src\rooms\WarpControlFrame.h">
      <Filter>include\Rooms\WarpEditor</Filter>
    </ClInclude>
    <ClInclude Include="..\src\rooms\WarpPropertyWindow.h">
      <Filter>include\Rooms\WarpEditor</Filter>
    </ClInclude>
  </ItemGroup>
  <ItemGroup>
    <None Include="..\src\wxresource\resource\wxcrafter.wxcp">
      <Filter>src\WX Resources</Filter>
    </None>
    <None Include="..\src\wxresource\resource\wxcrafter.xrc">
      <Filter>src\WX Resources</Filter>
    </None>
    <None Include="..\src\wxresource\resource\wxcrafter_bitmaps.xrc">
      <Filter>src\WX Resources</Filter>
    </None>
  </ItemGroup>
  <ItemGroup>
    <ResourceCompile Include="..\src\wxresource\resource\win_resources.rc">
      <Filter>src\WX Resources</Filter>
    </ResourceCompile>
  </ItemGroup>
</Project>