<?xml version="1.0" encoding="utf-8"?>
<Project ToolsVersion="4.0" xmlns="http://schemas.microsoft.com/developer/msbuild/2003">
  <ItemGroup>
    <Filter Include="src">
      <UniqueIdentifier>{dc34d5f7-5ce4-46c8-972a-17a38623cf1a}</UniqueIdentifier>
    </Filter>
    <Filter Include="include">
      <UniqueIdentifier>{9aa39da6-805f-412d-96a2-f9bf20acba11}</UniqueIdentifier>
    </Filter>
    <Filter Include="wxcrafter">
      <UniqueIdentifier>{fb71374d-92c8-4ff3-ac1c-213934f78321}</UniqueIdentifier>
    </Filter>
  </ItemGroup>
  <ItemGroup>
    <ClCompile Include="..\src\BitBarrel.cpp">
      <Filter>src</Filter>
    </ClCompile>
    <ClCompile Include="..\src\BitBarrelWriter.cpp">
      <Filter>src</Filter>
    </ClCompile>
    <ClCompile Include="..\src\Blockmap2D.cpp">
      <Filter>src</Filter>
    </ClCompile>
    <ClCompile Include="..\src\BlockmapIsometric.cpp">
      <Filter>src</Filter>
    </ClCompile>
    <ClCompile Include="..\src\EndCreditString.cpp">
      <Filter>src</Filter>
    </ClCompile>
    <ClCompile Include="..\src\HuffmanString.cpp">
      <Filter>src</Filter>
    </ClCompile>
    <ClCompile Include="..\src\HuffmanTree.cpp">
      <Filter>src</Filter>
    </ClCompile>
    <ClCompile Include="..\src\HuffmanTrees.cpp">
      <Filter>src</Filter>
    </ClCompile>
    <ClCompile Include="..\src\ImageBuffer.cpp">
      <Filter>src</Filter>
    </ClCompile>
    <ClCompile Include="..\src\IntroString.cpp">
      <Filter>src</Filter>
    </ClCompile>
    <ClCompile Include="..\src\LSString.cpp">
      <Filter>src</Filter>
    </ClCompile>
    <ClCompile Include="..\src\LSTilemapCmp.cpp">
      <Filter>src</Filter>
    </ClCompile>
    <ClCompile Include="..\src\LZ77.cpp">
      <Filter>src</Filter>
    </ClCompile>
    <ClCompile Include="..\src\main.cpp">
      <Filter>src</Filter>
    </ClCompile>
    <ClCompile Include="..\src\MainFrame.cpp">
      <Filter>src</Filter>
    </ClCompile>
    <ClCompile Include="..\src\Palette.cpp">
      <Filter>src</Filter>
    </ClCompile>
    <ClCompile Include="..\src\Sprite.cpp">
      <Filter>src</Filter>
    </ClCompile>
    <ClCompile Include="..\src\SpriteFrame.cpp">
      <Filter>src</Filter>
    </ClCompile>
    <ClCompile Include="..\src\SpriteGraphic.cpp">
      <Filter>src</Filter>
    </ClCompile>
    <ClCompile Include="..\src\Tile.cpp">
      <Filter>src</Filter>
    </ClCompile>
    <ClCompile Include="..\src\TileAttributes.cpp">
      <Filter>src</Filter>
    </ClCompile>
    <ClCompile Include="..\src\Tilemap.cpp">
      <Filter>src</Filter>
    </ClCompile>
    <ClCompile Include="..\src\Tileset.cpp">
      <Filter>src</Filter>
    </ClCompile>
    <ClCompile Include="..\src\Utils.cpp">
      <Filter>src</Filter>
    </ClCompile>
    <ClCompile Include="..\src\wxcrafter.cpp">
      <Filter>src</Filter>
    </ClCompile>
    <ClCompile Include="..\src\wxcrafter_bitmaps.cpp">
      <Filter>src</Filter>
    </ClCompile>
    <ClCompile Include="..\src\Block.cpp">
      <Filter>src</Filter>
    </ClCompile>
    <ClCompile Include="..\src\BlocksetCmp.cpp">
      <Filter>src</Filter>
    </ClCompile>
    <ClCompile Include="..\src\Tilemap2DRLE.cpp">
      <Filter>src</Filter>
    </ClCompile>
    <ClCompile Include="..\src\TilesetEditor.cpp">
      <Filter>src</Filter>
    </ClCompile>
    <ClCompile Include="..\src\TilesetEditorFrame.cpp">
      <Filter>src</Filter>
    </ClCompile>
    <ClCompile Include="..\src\PaletteEditor.cpp">
      <Filter>src</Filter>
    </ClCompile>
    <ClCompile Include="..\src\TileEditor.cpp">
      <Filter>src</Filter>
    </ClCompile>
    <ClCompile Include="..\src\EditorFrame.cpp">
      <Filter>src</Filter>
    </ClCompile>
    <ClCompile Include="..\src\ImageList.cpp">
      <Filter>src</Filter>
    </ClCompile>
    <ClCompile Include="..\src\TilesetManager.cpp">
      <Filter>src</Filter>
    </ClCompile>
    <ClCompile Include="..\src\AsmFile.cpp">
      <Filter>src</Filter>
    </ClCompile>
  </ItemGroup>
  <ItemGroup>
    <None Include="..\src\wxcrafter.wxcp">
      <Filter>wxcrafter</Filter>
    </None>
    <None Include="..\src\wxcrafter.xrc">
      <Filter>wxcrafter</Filter>
    </None>
    <None Include="..\src\wxcrafter_bitmaps.xrc">
      <Filter>wxcrafter</Filter>
    </None>
  </ItemGroup>
  <ItemGroup>
    <ClInclude Include="..\src\include\BitBarrel.h">
      <Filter>include</Filter>
    </ClInclude>
    <ClInclude Include="..\src\include\BitBarrelWriter.h">
      <Filter>include</Filter>
    </ClInclude>
    <ClInclude Include="..\src\include\Blockmap2D.h">
      <Filter>include</Filter>
    </ClInclude>
    <ClInclude Include="..\src\include\BlockmapIsometric.h">
      <Filter>include</Filter>
    </ClInclude>
    <ClInclude Include="..\src\include\Charset.h">
      <Filter>include</Filter>
    </ClInclude>
    <ClInclude Include="..\src\include\EndCreditString.h">
      <Filter>include</Filter>
    </ClInclude>
    <ClInclude Include="..\src\include\HuffmanString.h">
      <Filter>include</Filter>
    </ClInclude>
    <ClInclude Include="..\src\include\HuffmanTree.h">
      <Filter>include</Filter>
    </ClInclude>
    <ClInclude Include="..\src\include\HuffmanTrees.h">
      <Filter>include</Filter>
    </ClInclude>
    <ClInclude Include="..\src\include\ImageBuffer.h">
      <Filter>include</Filter>
    </ClInclude>
    <ClInclude Include="..\src\include\IntroString.h">
      <Filter>include</Filter>
    </ClInclude>
    <ClInclude Include="..\src\include\LSString.h">
      <Filter>include</Filter>
    </ClInclude>
    <ClInclude Include="..\src\include\LSTilemapCmp.h">
      <Filter>include</Filter>
    </ClInclude>
    <ClInclude Include="..\src\include\LZ77.h">
      <Filter>include</Filter>
    </ClInclude>
    <ClInclude Include="..\src\include\MainFrame.h">
      <Filter>include</Filter>
    </ClInclude>
    <ClInclude Include="..\src\include\Palette.h">
      <Filter>include</Filter>
    </ClInclude>
    <ClInclude Include="..\src\include\resource.h">
      <Filter>include</Filter>
    </ClInclude>
    <ClInclude Include="..\src\include\Rom.h">
      <Filter>include</Filter>
    </ClInclude>
    <ClInclude Include="..\src\include\RomOffsets.h">
      <Filter>include</Filter>
    </ClInclude>
    <ClInclude Include="..\src\include\Sprite.h">
      <Filter>include</Filter>
    </ClInclude>
    <ClInclude Include="..\src\include\SpriteFrame.h">
      <Filter>include</Filter>
    </ClInclude>
    <ClInclude Include="..\src\include\SpriteGraphic.h">
      <Filter>include</Filter>
    </ClInclude>
    <ClInclude Include="..\src\include\Tile.h">
      <Filter>include</Filter>
    </ClInclude>
    <ClInclude Include="..\src\include\TileAttributes.h">
      <Filter>include</Filter>
    </ClInclude>
    <ClInclude Include="..\src\include\Tilemap.h">
      <Filter>include</Filter>
    </ClInclude>
    <ClInclude Include="..\src\include\Tileset.h">
      <Filter>include</Filter>
    </ClInclude>
    <ClInclude Include="..\src\include\Utils.h">
      <Filter>include</Filter>
    </ClInclude>
    <ClInclude Include="..\src\include\wxcrafter.h">
      <Filter>include</Filter>
    </ClInclude>
    <ClInclude Include="..\src\include\Block.h">
      <Filter>include</Filter>
    </ClInclude>
    <ClInclude Include="..\src\include\BlocksetCmp.h">
      <Filter>include</Filter>
    </ClInclude>
    <ClInclude Include="..\src\include\Tilemap2DRLE.h">
      <Filter>include</Filter>
    </ClInclude>
    <ClInclude Include="..\src\include\Images.h">
      <Filter>include</Filter>
    </ClInclude>
    <ClInclude Include="..\src\include\TilesetEditor.h">
      <Filter>include</Filter>
    </ClInclude>
    <ClInclude Include="..\src\TilesetEditorFrame.h">
      <Filter>include</Filter>
    </ClInclude>
    <ClInclude Include="..\src\include\PaletteEditor.h">
      <Filter>include</Filter>
    </ClInclude>
    <ClInclude Include="..\src\include\TileEditor.h">
      <Filter>include</Filter>
    </ClInclude>
    <ClInclude Include="..\src\include\EditorFrame.h">
      <Filter>include</Filter>
    </ClInclude>
    <ClInclude Include="..\src\include\Icons.h">
      <Filter>include</Filter>
    </ClInclude>
    <ClInclude Include="..\src\include\ImageList.h">
      <Filter>include</Filter>
    </ClInclude>
    <ClInclude Include="..\src\include\TilesetManager.h">
      <Filter>include</Filter>
    </ClInclude>
    <ClInclude Include="..\src\include\AsmFile.h">
      <Filter>include</Filter>
    </ClInclude>
    <ClInclude Include="..\src\include\AsmFile_inl.h">
      <Filter>include</Filter>
    </ClInclude>
  </ItemGroup>
  <ItemGroup>
    <ResourceCompile Include="..\src\win_resources.rc">
      <Filter>wxcrafter</Filter>
    </ResourceCompile>
  </ItemGroup>
</Project>